// !$*UTF8*$!
{
	archiveVersion = 1;
	classes = {
	};
	objectVersion = 50;
	objects = {

/* Begin PBXBuildFile section */
		720D852A2389BC8B00013B6B /* SignUpVC.swift in Sources */ = {isa = PBXBuildFile; fileRef = 720D85292389BC8B00013B6B /* SignUpVC.swift */; };
		720D852C2389BC9A00013B6B /* LocateNearbyParkingVC.swift in Sources */ = {isa = PBXBuildFile; fileRef = 720D852B2389BC9A00013B6B /* LocateNearbyParkingVC.swift */; };
		720D85302389BCB700013B6B /* NewParkingVC.swift in Sources */ = {isa = PBXBuildFile; fileRef = 720D852F2389BCB700013B6B /* NewParkingVC.swift */; };
		720D85322389BCC100013B6B /* ParkingReceiptVC.swift in Sources */ = {isa = PBXBuildFile; fileRef = 720D85312389BCC100013B6B /* ParkingReceiptVC.swift */; };
		720D85342389BCD900013B6B /* ParkingReceiptListVC.swift in Sources */ = {isa = PBXBuildFile; fileRef = 720D85332389BCD900013B6B /* ParkingReceiptListVC.swift */; };
		720D85362389BCF500013B6B /* HomeVC.swift in Sources */ = {isa = PBXBuildFile; fileRef = 720D85352389BCF500013B6B /* HomeVC.swift */; };
		720D853A2389BFC000013B6B /* SignInVC.swift in Sources */ = {isa = PBXBuildFile; fileRef = 720D85392389BFC000013B6B /* SignInVC.swift */; };
		9212C0272389B65E00B9042D /* AppDelegate.swift in Sources */ = {isa = PBXBuildFile; fileRef = 9212C0262389B65E00B9042D /* AppDelegate.swift */; };
		9212C0292389B65E00B9042D /* SceneDelegate.swift in Sources */ = {isa = PBXBuildFile; fileRef = 9212C0282389B65E00B9042D /* SceneDelegate.swift */; };
		9212C02B2389B65E00B9042D /* ViewController.swift in Sources */ = {isa = PBXBuildFile; fileRef = 9212C02A2389B65E00B9042D /* ViewController.swift */; };
		9212C02E2389B65E00B9042D /* Main.storyboard in Resources */ = {isa = PBXBuildFile; fileRef = 9212C02C2389B65E00B9042D /* Main.storyboard */; };
		9212C0312389B65E00B9042D /* GotPark.xcdatamodeld in Sources */ = {isa = PBXBuildFile; fileRef = 9212C02F2389B65E00B9042D /* GotPark.xcdatamodeld */; };
		9212C0332389B65F00B9042D /* Assets.xcassets in Resources */ = {isa = PBXBuildFile; fileRef = 9212C0322389B65F00B9042D /* Assets.xcassets */; };
		9212C0362389B65F00B9042D /* LaunchScreen.storyboard in Resources */ = {isa = PBXBuildFile; fileRef = 9212C0342389B65F00B9042D /* LaunchScreen.storyboard */; };
		924225DF2389BAF80001582C /* CustomerSupportVC.swift in Sources */ = {isa = PBXBuildFile; fileRef = 924225DE2389BAF80001582C /* CustomerSupportVC.swift */; };
		924225E32389C16D0001582C /* CustomerSupportImage.png in Resources */ = {isa = PBXBuildFile; fileRef = 924225E22389C16D0001582C /* CustomerSupportImage.png */; };
		924225E52389CDF90001582C /* AppManualVC.swift in Sources */ = {isa = PBXBuildFile; fileRef = 924225E42389CDF90001582C /* AppManualVC.swift */; };
/* End PBXBuildFile section */

/* Begin PBXFileReference section */
		720D85292389BC8B00013B6B /* SignUpVC.swift */ = {isa = PBXFileReference; lastKnownFileType = sourcecode.swift; path = SignUpVC.swift; sourceTree = "<group>"; };
		720D852B2389BC9A00013B6B /* LocateNearbyParkingVC.swift */ = {isa = PBXFileReference; lastKnownFileType = sourcecode.swift; path = LocateNearbyParkingVC.swift; sourceTree = "<group>"; };
		720D852F2389BCB700013B6B /* NewParkingVC.swift */ = {isa = PBXFileReference; lastKnownFileType = sourcecode.swift; path = NewParkingVC.swift; sourceTree = "<group>"; };
		720D85312389BCC100013B6B /* ParkingReceiptVC.swift */ = {isa = PBXFileReference; lastKnownFileType = sourcecode.swift; path = ParkingReceiptVC.swift; sourceTree = "<group>"; };
		720D85332389BCD900013B6B /* ParkingReceiptListVC.swift */ = {isa = PBXFileReference; lastKnownFileType = sourcecode.swift; path = ParkingReceiptListVC.swift; sourceTree = "<group>"; };
		720D85352389BCF500013B6B /* HomeVC.swift */ = {isa = PBXFileReference; lastKnownFileType = sourcecode.swift; path = HomeVC.swift; sourceTree = "<group>"; };
		720D85392389BFC000013B6B /* SignInVC.swift */ = {isa = PBXFileReference; lastKnownFileType = sourcecode.swift; path = SignInVC.swift; sourceTree = "<group>"; };
		9212C0232389B65E00B9042D /* GotPark.app */ = {isa = PBXFileReference; explicitFileType = wrapper.application; includeInIndex = 0; path = GotPark.app; sourceTree = BUILT_PRODUCTS_DIR; };
		9212C0262389B65E00B9042D /* AppDelegate.swift */ = {isa = PBXFileReference; lastKnownFileType = sourcecode.swift; path = AppDelegate.swift; sourceTree = "<group>"; };
		9212C0282389B65E00B9042D /* SceneDelegate.swift */ = {isa = PBXFileReference; lastKnownFileType = sourcecode.swift; path = SceneDelegate.swift; sourceTree = "<group>"; };
		9212C02A2389B65E00B9042D /* ViewController.swift */ = {isa = PBXFileReference; lastKnownFileType = sourcecode.swift; path = ViewController.swift; sourceTree = "<group>"; };
		9212C02D2389B65E00B9042D /* Base */ = {isa = PBXFileReference; lastKnownFileType = file.storyboard; name = Base; path = Base.lproj/Main.storyboard; sourceTree = "<group>"; };
		9212C0302389B65E00B9042D /* GotPark.xcdatamodel */ = {isa = PBXFileReference; lastKnownFileType = wrapper.xcdatamodel; path = GotPark.xcdatamodel; sourceTree = "<group>"; };
		9212C0322389B65F00B9042D /* Assets.xcassets */ = {isa = PBXFileReference; lastKnownFileType = folder.assetcatalog; path = Assets.xcassets; sourceTree = "<group>"; };
		9212C0352389B65F00B9042D /* Base */ = {isa = PBXFileReference; lastKnownFileType = file.storyboard; name = Base; path = Base.lproj/LaunchScreen.storyboard; sourceTree = "<group>"; };
		9212C0372389B65F00B9042D /* Info.plist */ = {isa = PBXFileReference; lastKnownFileType = text.plist.xml; path = Info.plist; sourceTree = "<group>"; };
		924225DE2389BAF80001582C /* CustomerSupportVC.swift */ = {isa = PBXFileReference; lastKnownFileType = sourcecode.swift; path = CustomerSupportVC.swift; sourceTree = "<group>"; };
		924225E22389C16D0001582C /* CustomerSupportImage.png */ = {isa = PBXFileReference; lastKnownFileType = image.png; path = CustomerSupportImage.png; sourceTree = "<group>"; };
		924225E42389CDF90001582C /* AppManualVC.swift */ = {isa = PBXFileReference; lastKnownFileType = sourcecode.swift; path = AppManualVC.swift; sourceTree = "<group>"; };
/* End PBXFileReference section */

/* Begin PBXFrameworksBuildPhase section */
		9212C0202389B65E00B9042D /* Frameworks */ = {
			isa = PBXFrameworksBuildPhase;
			buildActionMask = 2147483647;
			files = (
			);
			runOnlyForDeploymentPostprocessing = 0;
		};
/* End PBXFrameworksBuildPhase section */

/* Begin PBXGroup section */
		9212C01A2389B65E00B9042D = {
			isa = PBXGroup;
			children = (
				9212C0252389B65E00B9042D /* GotPark */,
				9212C0242389B65E00B9042D /* Products */,
			);
			sourceTree = "<group>";
		};
		9212C0242389B65E00B9042D /* Products */ = {
			isa = PBXGroup;
			children = (
				9212C0232389B65E00B9042D /* GotPark.app */,
			);
			name = Products;
			sourceTree = "<group>";
		};
		9212C0252389B65E00B9042D /* GotPark */ = {
			isa = PBXGroup;
			children = (
				924225E62389CE130001582C /* HTML */,
				9212C03F2389B70B00B9042D /* controller */,
				9212C03E2389B70400B9042D /* view */,
				9212C03D2389B6F700B9042D /* model */,
				9212C0262389B65E00B9042D /* AppDelegate.swift */,
				9212C0282389B65E00B9042D /* SceneDelegate.swift */,
				9212C02A2389B65E00B9042D /* ViewController.swift */,
				9212C02C2389B65E00B9042D /* Main.storyboard */,
				924225E22389C16D0001582C /* CustomerSupportImage.png */,
				9212C0322389B65F00B9042D /* Assets.xcassets */,
				9212C0342389B65F00B9042D /* LaunchScreen.storyboard */,
				9212C0372389B65F00B9042D /* Info.plist */,
				9212C02F2389B65E00B9042D /* GotPark.xcdatamodeld */,
			);
			path = GotPark;
			sourceTree = "<group>";
		};
		9212C03D2389B6F700B9042D /* model */ = {
			isa = PBXGroup;
			children = (
			);
			path = model;
			sourceTree = "<group>";
		};
		9212C03E2389B70400B9042D /* view */ = {
			isa = PBXGroup;
			children = (
				924225DE2389BAF80001582C /* CustomerSupportVC.swift */,
				720D85292389BC8B00013B6B /* SignUpVC.swift */,
				720D852B2389BC9A00013B6B /* LocateNearbyParkingVC.swift */,
				720D852F2389BCB700013B6B /* NewParkingVC.swift */,
				720D85312389BCC100013B6B /* ParkingReceiptVC.swift */,
				720D85332389BCD900013B6B /* ParkingReceiptListVC.swift */,
				720D85352389BCF500013B6B /* HomeVC.swift */,
				720D85392389BFC000013B6B /* SignInVC.swift */,
				924225E42389CDF90001582C /* AppManualVC.swift */,
			);
			path = view;
			sourceTree = "<group>";
		};
		9212C03F2389B70B00B9042D /* controller */ = {
			isa = PBXGroup;
			children = (
			);
			path = controller;
			sourceTree = "<group>";
		};
		924225E62389CE130001582C /* HTML */ = {
			isa = PBXGroup;
			children = (
			);
			path = HTML;
			sourceTree = "<group>";
		};
/* End PBXGroup section */

/* Begin PBXNativeTarget section */
		9212C0222389B65E00B9042D /* GotPark */ = {
			isa = PBXNativeTarget;
			buildConfigurationList = 9212C03A2389B65F00B9042D /* Build configuration list for PBXNativeTarget "GotPark" */;
			buildPhases = (
				9212C01F2389B65E00B9042D /* Sources */,
				9212C0202389B65E00B9042D /* Frameworks */,
				9212C0212389B65E00B9042D /* Resources */,
			);
			buildRules = (
			);
			dependencies = (
			);
			name = GotPark;
			productName = GotPark;
			productReference = 9212C0232389B65E00B9042D /* GotPark.app */;
			productType = "com.apple.product-type.application";
		};
/* End PBXNativeTarget section */

/* Begin PBXProject section */
		9212C01B2389B65E00B9042D /* Project object */ = {
			isa = PBXProject;
			attributes = {
				LastSwiftUpdateCheck = 1110;
				LastUpgradeCheck = 1110;
				ORGANIZATIONNAME = "Connor Clarkson";
				TargetAttributes = {
					9212C0222389B65E00B9042D = {
						CreatedOnToolsVersion = 11.1;
					};
				};
			};
			buildConfigurationList = 9212C01E2389B65E00B9042D /* Build configuration list for PBXProject "GotPark" */;
			compatibilityVersion = "Xcode 9.3";
			developmentRegion = en;
			hasScannedForEncodings = 0;
			knownRegions = (
				en,
				Base,
			);
			mainGroup = 9212C01A2389B65E00B9042D;
			productRefGroup = 9212C0242389B65E00B9042D /* Products */;
			projectDirPath = "";
			projectRoot = "";
			targets = (
				9212C0222389B65E00B9042D /* GotPark */,
			);
		};
/* End PBXProject section */

/* Begin PBXResourcesBuildPhase section */
		9212C0212389B65E00B9042D /* Resources */ = {
			isa = PBXResourcesBuildPhase;
			buildActionMask = 2147483647;
			files = (
				9212C0362389B65F00B9042D /* LaunchScreen.storyboard in Resources */,
				924225E32389C16D0001582C /* CustomerSupportImage.png in Resources */,
				9212C0332389B65F00B9042D /* Assets.xcassets in Resources */,
				9212C02E2389B65E00B9042D /* Main.storyboard in Resources */,
			);
			runOnlyForDeploymentPostprocessing = 0;
		};
/* End PBXResourcesBuildPhase section */

/* Begin PBXSourcesBuildPhase section */
		9212C01F2389B65E00B9042D /* Sources */ = {
			isa = PBXSourcesBuildPhase;
			buildActionMask = 2147483647;
			files = (
				720D852A2389BC8B00013B6B /* SignUpVC.swift in Sources */,
				720D85302389BCB700013B6B /* NewParkingVC.swift in Sources */,
				720D853A2389BFC000013B6B /* SignInVC.swift in Sources */,
				9212C0312389B65E00B9042D /* GotPark.xcdatamodeld in Sources */,
				9212C02B2389B65E00B9042D /* ViewController.swift in Sources */,
				720D85342389BCD900013B6B /* ParkingReceiptListVC.swift in Sources */,
				720D85322389BCC100013B6B /* ParkingReceiptVC.swift in Sources */,
				720D852C2389BC9A00013B6B /* LocateNearbyParkingVC.swift in Sources */,
				9212C0272389B65E00B9042D /* AppDelegate.swift in Sources */,
				720D85362389BCF500013B6B /* HomeVC.swift in Sources */,
				924225DF2389BAF80001582C /* CustomerSupportVC.swift in Sources */,
				9212C0292389B65E00B9042D /* SceneDelegate.swift in Sources */,
				924225E52389CDF90001582C /* AppManualVC.swift in Sources */,
			);
			runOnlyForDeploymentPostprocessing = 0;
		};
/* End PBXSourcesBuildPhase section */

/* Begin PBXVariantGroup section */
		9212C02C2389B65E00B9042D /* Main.storyboard */ = {
			isa = PBXVariantGroup;
			children = (
				9212C02D2389B65E00B9042D /* Base */,
			);
			name = Main.storyboard;
			sourceTree = "<group>";
		};
		9212C0342389B65F00B9042D /* LaunchScreen.storyboard */ = {
			isa = PBXVariantGroup;
			children = (
				9212C0352389B65F00B9042D /* Base */,
			);
			name = LaunchScreen.storyboard;
			sourceTree = "<group>";
		};
/* End PBXVariantGroup section */

/* Begin XCBuildConfiguration section */
		9212C0382389B65F00B9042D /* Debug */ = {
			isa = XCBuildConfiguration;
			buildSettings = {
				ALWAYS_SEARCH_USER_PATHS = NO;
				CLANG_ANALYZER_NONNULL = YES;
				CLANG_ANALYZER_NUMBER_OBJECT_CONVERSION = YES_AGGRESSIVE;
				CLANG_CXX_LANGUAGE_STANDARD = "gnu++14";
				CLANG_CXX_LIBRARY = "libc++";
				CLANG_ENABLE_MODULES = YES;
				CLANG_ENABLE_OBJC_ARC = YES;
				CLANG_ENABLE_OBJC_WEAK = YES;
				CLANG_WARN_BLOCK_CAPTURE_AUTORELEASING = YES;
				CLANG_WARN_BOOL_CONVERSION = YES;
				CLANG_WARN_COMMA = YES;
				CLANG_WARN_CONSTANT_CONVERSION = YES;
				CLANG_WARN_DEPRECATED_OBJC_IMPLEMENTATIONS = YES;
				CLANG_WARN_DIRECT_OBJC_ISA_USAGE = YES_ERROR;
				CLANG_WARN_DOCUMENTATION_COMMENTS = YES;
				CLANG_WARN_EMPTY_BODY = YES;
				CLANG_WARN_ENUM_CONVERSION = YES;
				CLANG_WARN_INFINITE_RECURSION = YES;
				CLANG_WARN_INT_CONVERSION = YES;
				CLANG_WARN_NON_LITERAL_NULL_CONVERSION = YES;
				CLANG_WARN_OBJC_IMPLICIT_RETAIN_SELF = YES;
				CLANG_WARN_OBJC_LITERAL_CONVERSION = YES;
				CLANG_WARN_OBJC_ROOT_CLASS = YES_ERROR;
				CLANG_WARN_RANGE_LOOP_ANALYSIS = YES;
				CLANG_WARN_STRICT_PROTOTYPES = YES;
				CLANG_WARN_SUSPICIOUS_MOVE = YES;
				CLANG_WARN_UNGUARDED_AVAILABILITY = YES_AGGRESSIVE;
				CLANG_WARN_UNREACHABLE_CODE = YES;
				CLANG_WARN__DUPLICATE_METHOD_MATCH = YES;
				COPY_PHASE_STRIP = NO;
				DEBUG_INFORMATION_FORMAT = dwarf;
				ENABLE_STRICT_OBJC_MSGSEND = YES;
				ENABLE_TESTABILITY = YES;
				GCC_C_LANGUAGE_STANDARD = gnu11;
				GCC_DYNAMIC_NO_PIC = NO;
				GCC_NO_COMMON_BLOCKS = YES;
				GCC_OPTIMIZATION_LEVEL = 0;
				GCC_PREPROCESSOR_DEFINITIONS = (
					"DEBUG=1",
					"$(inherited)",
				);
				GCC_WARN_64_TO_32_BIT_CONVERSION = YES;
				GCC_WARN_ABOUT_RETURN_TYPE = YES_ERROR;
				GCC_WARN_UNDECLARED_SELECTOR = YES;
				GCC_WARN_UNINITIALIZED_AUTOS = YES_AGGRESSIVE;
				GCC_WARN_UNUSED_FUNCTION = YES;
				GCC_WARN_UNUSED_VARIABLE = YES;
				IPHONEOS_DEPLOYMENT_TARGET = 13.1;
				MTL_ENABLE_DEBUG_INFO = INCLUDE_SOURCE;
				MTL_FAST_MATH = YES;
				ONLY_ACTIVE_ARCH = YES;
				SDKROOT = iphoneos;
				SWIFT_ACTIVE_COMPILATION_CONDITIONS = DEBUG;
				SWIFT_OPTIMIZATION_LEVEL = "-Onone";
			};
			name = Debug;
		};
		9212C0392389B65F00B9042D /* Release */ = {
			isa = XCBuildConfiguration;
			buildSettings = {
				ALWAYS_SEARCH_USER_PATHS = NO;
				CLANG_ANALYZER_NONNULL = YES;
				CLANG_ANALYZER_NUMBER_OBJECT_CONVERSION = YES_AGGRESSIVE;
				CLANG_CXX_LANGUAGE_STANDARD = "gnu++14";
				CLANG_CXX_LIBRARY = "libc++";
				CLANG_ENABLE_MODULES = YES;
				CLANG_ENABLE_OBJC_ARC = YES;
				CLANG_ENABLE_OBJC_WEAK = YES;
				CLANG_WARN_BLOCK_CAPTURE_AUTORELEASING = YES;
				CLANG_WARN_BOOL_CONVERSION = YES;
				CLANG_WARN_COMMA = YES;
				CLANG_WARN_CONSTANT_CONVERSION = YES;
				CLANG_WARN_DEPRECATED_OBJC_IMPLEMENTATIONS = YES;
				CLANG_WARN_DIRECT_OBJC_ISA_USAGE = YES_ERROR;
				CLANG_WARN_DOCUMENTATION_COMMENTS = YES;
				CLANG_WARN_EMPTY_BODY = YES;
				CLANG_WARN_ENUM_CONVERSION = YES;
				CLANG_WARN_INFINITE_RECURSION = YES;
				CLANG_WARN_INT_CONVERSION = YES;
				CLANG_WARN_NON_LITERAL_NULL_CONVERSION = YES;
				CLANG_WARN_OBJC_IMPLICIT_RETAIN_SELF = YES;
				CLANG_WARN_OBJC_LITERAL_CONVERSION = YES;
				CLANG_WARN_OBJC_ROOT_CLASS = YES_ERROR;
				CLANG_WARN_RANGE_LOOP_ANALYSIS = YES;
				CLANG_WARN_STRICT_PROTOTYPES = YES;
				CLANG_WARN_SUSPICIOUS_MOVE = YES;
				CLANG_WARN_UNGUARDED_AVAILABILITY = YES_AGGRESSIVE;
				CLANG_WARN_UNREACHABLE_CODE = YES;
				CLANG_WARN__DUPLICATE_METHOD_MATCH = YES;
				COPY_PHASE_STRIP = NO;
				DEBUG_INFORMATION_FORMAT = "dwarf-with-dsym";
				ENABLE_NS_ASSERTIONS = NO;
				ENABLE_STRICT_OBJC_MSGSEND = YES;
				GCC_C_LANGUAGE_STANDARD = gnu11;
				GCC_NO_COMMON_BLOCKS = YES;
				GCC_WARN_64_TO_32_BIT_CONVERSION = YES;
				GCC_WARN_ABOUT_RETURN_TYPE = YES_ERROR;
				GCC_WARN_UNDECLARED_SELECTOR = YES;
				GCC_WARN_UNINITIALIZED_AUTOS = YES_AGGRESSIVE;
				GCC_WARN_UNUSED_FUNCTION = YES;
				GCC_WARN_UNUSED_VARIABLE = YES;
				IPHONEOS_DEPLOYMENT_TARGET = 13.1;
				MTL_ENABLE_DEBUG_INFO = NO;
				MTL_FAST_MATH = YES;
				SDKROOT = iphoneos;
				SWIFT_COMPILATION_MODE = wholemodule;
				SWIFT_OPTIMIZATION_LEVEL = "-O";
				VALIDATE_PRODUCT = YES;
			};
			name = Release;
		};
		9212C03B2389B65F00B9042D /* Debug */ = {
			isa = XCBuildConfiguration;
			buildSettings = {
				ASSETCATALOG_COMPILER_APPICON_NAME = AppIcon;
				CODE_SIGN_STYLE = Automatic;
				DEVELOPMENT_TEAM = 47SAM227AP;
				INFOPLIST_FILE = GotPark/Info.plist;
				LD_RUNPATH_SEARCH_PATHS = (
					"$(inherited)",
					"@executable_path/Frameworks",
				);
				PRODUCT_BUNDLE_IDENTIFIER = ConnorClarkson.GotPark;
				PRODUCT_NAME = "$(TARGET_NAME)";
				SWIFT_VERSION = 5.0;
				TARGETED_DEVICE_FAMILY = "1,2";
			};
			name = Debug;
		};
		9212C03C2389B65F00B9042D /* Release */ = {
			isa = XCBuildConfiguration;
			buildSettings = {
				ASSETCATALOG_COMPILER_APPICON_NAME = AppIcon;
				CODE_SIGN_STYLE = Automatic;
				DEVELOPMENT_TEAM = 47SAM227AP;
				INFOPLIST_FILE = GotPark/Info.plist;
				LD_RUNPATH_SEARCH_PATHS = (
					"$(inherited)",
					"@executable_path/Frameworks",
				);
				PRODUCT_BUNDLE_IDENTIFIER = ConnorClarkson.GotPark;
				PRODUCT_NAME = "$(TARGET_NAME)";
				SWIFT_VERSION = 5.0;
				TARGETED_DEVICE_FAMILY = "1,2";
			};
			name = Release;
		};
/* End XCBuildConfiguration section */

/* Begin XCConfigurationList section */
		9212C01E2389B65E00B9042D /* Build configuration list for PBXProject "GotPark" */ = {
			isa = XCConfigurationList;
			buildConfigurations = (
				9212C0382389B65F00B9042D /* Debug */,
				9212C0392389B65F00B9042D /* Release */,
			);
			defaultConfigurationIsVisible = 0;
			defaultConfigurationName = Release;
		};
		9212C03A2389B65F00B9042D /* Build configuration list for PBXNativeTarget "GotPark" */ = {
			isa = XCConfigurationList;
			buildConfigurations = (
				9212C03B2389B65F00B9042D /* Debug */,
				9212C03C2389B65F00B9042D /* Release */,
			);
			defaultConfigurationIsVisible = 0;
			defaultConfigurationName = Release;
		};
/* End XCConfigurationList section */

/* Begin XCVersionGroup section */
		9212C02F2389B65E00B9042D /* GotPark.xcdatamodeld */ = {
			isa = XCVersionGroup;
			children = (
				9212C0302389B65E00B9042D /* GotPark.xcdatamodel */,
			);
			currentVersion = 9212C0302389B65E00B9042D /* GotPark.xcdatamodel */;
			path = GotPark.xcdatamodeld;
			sourceTree = "<group>";
			versionGroupType = wrapper.xcdatamodel;
		};
/* End XCVersionGroup section */
	};
	rootObject = 9212C01B2389B65E00B9042D /* Project object */;
}
